
Microsoft Visual Studio Solution File, Format Version 12.00
# Visual Studio Version 17
VisualStudioVersion = 17.0.31903.59
MinimumVisualStudioVersion = 10.0.40219.1
Project("{FAE04EC0-301F-11D3-BF4B-00C04F79EFBC}") = "MyApi", "MyApi\MyApi.csproj", "{62FE2461-714F-405E-92D0-C88FBBDEA8B2}"
EndProject
Project("{2150E333-8FDC-42A3-9474-1A3956D46DE8}") = "EmployeeData", "EmployeeData", "{75EE8257-B5C5-BC50-C047-8BB6AF6036B8}"
EndProject
Project("{FAE04EC0-301F-11D3-BF4B-00C04F79EFBC}") = "Employeedata", "EmployeeData\Employeedata.csproj", "{33EA51FE-4F4F-4D2A-96A4-6B2B4855A7CE}"
EndProject
Project("{FAE04EC0-301F-11D3-BF4B-00C04F79EFBC}") = "EmployeeDomain", "EmployeeDomain\EmployeeDomain.csproj", "{9AC1A3E3-3FF2-4669-B45B-7909AA713C90}"
EndProject
Project("{FAE04EC0-301F-11D3-BF4B-00C04F79EFBC}") = "MyApi.Tests", "MyApi.Tests\MyApi.Tests.csproj", "{81C804CF-7E8A-4EA1-AD18-2C394000AA56}"
EndProject
Global
	GlobalSection(SolutionConfigurationPlatforms) = preSolution
		Debug|Any CPU = Debug|Any CPU
		Debug|x64 = Debug|x64
		Debug|x86 = Debug|x86
		Release|Any CPU = Release|Any CPU
		Release|x64 = Release|x64
		Release|x86 = Release|x86
	EndGlobalSection
	GlobalSection(ProjectConfigurationPlatforms) = postSolution
		{62FE2461-714F-405E-92D0-C88FBBDEA8B2}.Debug|Any CPU.ActiveCfg = Debug|Any CPU
		{62FE2461-714F-405E-92D0-C88FBBDEA8B2}.Debug|Any CPU.Build.0 = Debug|Any CPU
		{62FE2461-714F-405E-92D0-C88FBBDEA8B2}.Debug|x64.ActiveCfg = Debug|Any CPU
		{62FE2461-714F-405E-92D0-C88FBBDEA8B2}.Debug|x64.Build.0 = Debug|Any CPU
		{62FE2461-714F-405E-92D0-C88FBBDEA8B2}.Debug|x86.ActiveCfg = Debug|Any CPU
		{62FE2461-714F-405E-92D0-C88FBBDEA8B2}.Debug|x86.Build.0 = Debug|Any CPU
		{62FE2461-714F-405E-92D0-C88FBBDEA8B2}.Release|Any CPU.ActiveCfg = Release|Any CPU
		{62FE2461-714F-405E-92D0-C88FBBDEA8B2}.Release|Any CPU.Build.0 = Release|Any CPU
		{62FE2461-714F-405E-92D0-C88FBBDEA8B2}.Release|x64.ActiveCfg = Release|Any CPU
		{62FE2461-714F-405E-92D0-C88FBBDEA8B2}.Release|x64.Build.0 = Release|Any CPU
		{62FE2461-714F-405E-92D0-C88FBBDEA8B2}.Release|x86.ActiveCfg = Release|Any CPU
		{62FE2461-714F-405E-92D0-C88FBBDEA8B2}.Release|x86.Build.0 = Release|Any CPU
		{33EA51FE-4F4F-4D2A-96A4-6B2B4855A7CE}.Debug|Any CPU.ActiveCfg = Debug|Any CPU
		{33EA51FE-4F4F-4D2A-96A4-6B2B4855A7CE}.Debug|Any CPU.Build.0 = Debug|Any CPU
		{33EA51FE-4F4F-4D2A-96A4-6B2B4855A7CE}.Debug|x64.ActiveCfg = Debug|Any CPU
		{33EA51FE-4F4F-4D2A-96A4-6B2B4855A7CE}.Debug|x64.Build.0 = Debug|Any CPU
		{33EA51FE-4F4F-4D2A-96A4-6B2B4855A7CE}.Debug|x86.ActiveCfg = Debug|Any CPU
		{33EA51FE-4F4F-4D2A-96A4-6B2B4855A7CE}.Debug|x86.Build.0 = Debug|Any CPU
		{33EA51FE-4F4F-4D2A-96A4-6B2B4855A7CE}.Release|Any CPU.ActiveCfg = Release|Any CPU
		{33EA51FE-4F4F-4D2A-96A4-6B2B4855A7CE}.Release|Any CPU.Build.0 = Release|Any CPU
		{33EA51FE-4F4F-4D2A-96A4-6B2B4855A7CE}.Release|x64.ActiveCfg = Release|Any CPU
		{33EA51FE-4F4F-4D2A-96A4-6B2B4855A7CE}.Release|x64.Build.0 = Release|Any CPU
		{33EA51FE-4F4F-4D2A-96A4-6B2B4855A7CE}.Release|x86.ActiveCfg = Release|Any CPU
		{33EA51FE-4F4F-4D2A-96A4-6B2B4855A7CE}.Release|x86.Build.0 = Release|Any CPU
		{9AC1A3E3-3FF2-4669-B45B-7909AA713C90}.Debug|Any CPU.ActiveCfg = Debug|Any CPU
		{9AC1A3E3-3FF2-4669-B45B-7909AA713C90}.Debug|Any CPU.Build.0 = Debug|Any CPU
		{9AC1A3E3-3FF2-4669-B45B-7909AA713C90}.Debug|x64.ActiveCfg = Debug|Any CPU
		{9AC1A3E3-3FF2-4669-B45B-7909AA713C90}.Debug|x64.Build.0 = Debug|Any CPU
		{9AC1A3E3-3FF2-4669-B45B-7909AA713C90}.Debug|x86.ActiveCfg = Debug|Any CPU
		{9AC1A3E3-3FF2-4669-B45B-7909AA713C90}.Debug|x86.Build.0 = Debug|Any CPU
		{9AC1A3E3-3FF2-4669-B45B-7909AA713C90}.Release|Any CPU.ActiveCfg = Release|Any CPU
		{9AC1A3E3-3FF2-4669-B45B-7909AA713C90}.Release|Any CPU.Build.0 = Release|Any CPU
		{9AC1A3E3-3FF2-4669-B45B-7909AA713C90}.Release|x64.ActiveCfg = Release|Any CPU
		{9AC1A3E3-3FF2-4669-B45B-7909AA713C90}.Release|x64.Build.0 = Release|Any CPU
		{9AC1A3E3-3FF2-4669-B45B-7909AA713C90}.Release|x86.ActiveCfg = Release|Any CPU
		{9AC1A3E3-3FF2-4669-B45B-7909AA713C90}.Release|x86.Build.0 = Release|Any CPU
		{81C804CF-7E8A-4EA1-AD18-2C394000AA56}.Debug|Any CPU.ActiveCfg = Debug|Any CPU
		{81C804CF-7E8A-4EA1-AD18-2C394000AA56}.Debug|Any CPU.Build.0 = Debug|Any CPU
		{81C804CF-7E8A-4EA1-AD18-2C394000AA56}.Debug|x64.ActiveCfg = Debug|Any CPU
		{81C804CF-7E8A-4EA1-AD18-2C394000AA56}.Debug|x64.Build.0 = Debug|Any CPU
		{81C804CF-7E8A-4EA1-AD18-2C394000AA56}.Debug|x86.ActiveCfg = Debug|Any CPU
		{81C804CF-7E8A-4EA1-AD18-2C394000AA56}.Debug|x86.Build.0 = Debug|Any CPU
		{81C804CF-7E8A-4EA1-AD18-2C394000AA56}.Release|Any CPU.ActiveCfg = Release|Any CPU
		{81C804CF-7E8A-4EA1-AD18-2C394000AA56}.Release|Any CPU.Build.0 = Release|Any CPU
		{81C804CF-7E8A-4EA1-AD18-2C394000AA56}.Release|x64.ActiveCfg = Release|Any CPU
		{81C804CF-7E8A-4EA1-AD18-2C394000AA56}.Release|x64.Build.0 = Release|Any CPU
		{81C804CF-7E8A-4EA1-AD18-2C394000AA56}.Release|x86.ActiveCfg = Release|Any CPU
		{81C804CF-7E8A-4EA1-AD18-2C394000AA56}.Release|x86.Build.0 = Release|Any CPU
	EndGlobalSection
	GlobalSection(SolutionProperties) = preSolution
		HideSolutionNode = FALSE
	EndGlobalSection
	GlobalSection(NestedProjects) = preSolution
		{33EA51FE-4F4F-4D2A-96A4-6B2B4855A7CE} = {75EE8257-B5C5-BC50-C047-8BB6AF6036B8}
	EndGlobalSection
EndGlobal
